
Microsoft Visual Studio Solution File, Format Version 12.00
# Visual Studio Version 17
VisualStudioVersion = 17.10.35027.167
MinimumVisualStudioVersion = 10.0.40219.1
Project("{FAE04EC0-301F-11D3-BF4B-00C04F79EFBC}") = "HTML_FC", "HTML_FC\HTML_FC.csproj", "{57F02FB2-08E3-4FEE-818D-BA0E0EDC49DA}"
EndProject
Project("{FAE04EC0-301F-11D3-BF4B-00C04F79EFBC}") = "LIBCORE", "LIBCORE\LIBCORE.csproj", "{5F779F2E-A94F-4F04-B2CB-94A5EFFD53CE}"
EndProject
Global
	GlobalSection(SolutionConfigurationPlatforms) = preSolution
		Debug|Any CPU = Debug|Any CPU
		Release|Any CPU = Release|Any CPU
	EndGlobalSection
	GlobalSection(ProjectConfigurationPlatforms) = postSolution
		{57F02FB2-08E3-4FEE-818D-BA0E0EDC49DA}.Debug|Any CPU.ActiveCfg = Debug|Any CPU
		{57F02FB2-08E3-4FEE-818D-BA0E0EDC49DA}.Debug|Any CPU.Build.0 = Debug|Any CPU
		{57F02FB2-08E3-4FEE-818D-BA0E0EDC49DA}.Release|Any CPU.ActiveCfg = Release|Any CPU
		{57F02FB2-08E3-4FEE-818D-BA0E0EDC49DA}.Release|Any CPU.Build.0 = Release|Any CPU
		{5F779F2E-A94F-4F04-B2CB-94A5EFFD53CE}.Debug|Any CPU.ActiveCfg = Debug|Any CPU
		{5F779F2E-A94F-4F04-B2CB-94A5EFFD53CE}.Debug|Any CPU.Build.0 = Debug|Any CPU
		{5F779F2E-A94F-4F04-B2CB-94A5EFFD53CE}.Release|Any CPU.ActiveCfg = Release|Any CPU
		{5F779F2E-A94F-4F04-B2CB-94A5EFFD53CE}.Release|Any CPU.Build.0 = Release|Any CPU
	EndGlobalSection
	GlobalSection(SolutionProperties) = preSolution
		HideSolutionNode = FALSE
	EndGlobalSection
	GlobalSection(ExtensibilityGlobals) = postSolution
		SolutionGuid = {9FE23D69-E8CD-449F-9842-302C9F4D68A1}
	EndGlobalSection
EndGlobal
